
Microsoft Visual Studio Solution File, Format Version 12.00
# Visual Studio Version 16
VisualStudioVersion = 16.0.30523.141
MinimumVisualStudioVersion = 10.0.40219.1
Project("{FAE04EC0-301F-11D3-BF4B-00C04F79EFBC}") = "Ejer_Slider_Binding", "Ejer_Slider_Binding\Ejer_Slider_Binding.csproj", "{6EB2BB80-434D-4E0E-93DE-DC18FCE2EC9D}"
EndProject
Global
	GlobalSection(SolutionConfigurationPlatforms) = preSolution
		Debug|Any CPU = Debug|Any CPU
		Release|Any CPU = Release|Any CPU
	EndGlobalSection
	GlobalSection(ProjectConfigurationPlatforms) = postSolution
		{6EB2BB80-434D-4E0E-93DE-DC18FCE2EC9D}.Debug|Any CPU.ActiveCfg = Debug|Any CPU
		{6EB2BB80-434D-4E0E-93DE-DC18FCE2EC9D}.Debug|Any CPU.Build.0 = Debug|Any CPU
		{6EB2BB80-434D-4E0E-93DE-DC18FCE2EC9D}.Release|Any CPU.ActiveCfg = Release|Any CPU
		{6EB2BB80-434D-4E0E-93DE-DC18FCE2EC9D}.Release|Any CPU.Build.0 = Release|Any CPU
	EndGlobalSection
	GlobalSection(SolutionProperties) = preSolution
		HideSolutionNode = FALSE
	EndGlobalSection
	GlobalSection(ExtensibilityGlobals) = postSolution
		SolutionGuid = {B7357AE8-B981-4B89-BFF4-1708D0D6A22C}
	EndGlobalSection
EndGlobal
