
Microsoft Visual Studio Solution File, Format Version 12.00
# Visual Studio Version 16
VisualStudioVersion = 16.0.30907.101
MinimumVisualStudioVersion = 10.0.40219.1
Project("{FAE04EC0-301F-11D3-BF4B-00C04F79EFBC}") = "Albaranes_reporte", "Albaranes_reporte\Albaranes_reporte.csproj", "{707E210D-1F9A-41F7-95B3-363BB2417A44}"
EndProject
Global
	GlobalSection(SolutionConfigurationPlatforms) = preSolution
		Debug|Any CPU = Debug|Any CPU
		Release|Any CPU = Release|Any CPU
	EndGlobalSection
	GlobalSection(ProjectConfigurationPlatforms) = postSolution
		{707E210D-1F9A-41F7-95B3-363BB2417A44}.Debug|Any CPU.ActiveCfg = Debug|Any CPU
		{707E210D-1F9A-41F7-95B3-363BB2417A44}.Debug|Any CPU.Build.0 = Debug|Any CPU
		{707E210D-1F9A-41F7-95B3-363BB2417A44}.Release|Any CPU.ActiveCfg = Release|Any CPU
		{707E210D-1F9A-41F7-95B3-363BB2417A44}.Release|Any CPU.Build.0 = Release|Any CPU
	EndGlobalSection
	GlobalSection(SolutionProperties) = preSolution
		HideSolutionNode = FALSE
	EndGlobalSection
	GlobalSection(ExtensibilityGlobals) = postSolution
		SolutionGuid = {1B6B36FA-F8E1-4509-97AC-E5472112FE87}
	EndGlobalSection
EndGlobal
